Cinder Atlas owner: https://wrong.example.test/cinder-atlas Mara Vell CAX-0000 xxx qqq zzz 999
Riven Glass reviewer: URL-ONLY https://wrong.example.test/riven-reviewer
Lark Mirror owner: ERROR-0000 random random random random random H7qX9zPpJ3LmN0vR8tY6uI4oP2aS1dF5gH7jK9l
Bell Finch active owner: BAD-1234 0000 ==== //// ++++ !!!!
